
Microsoft Visual Studio Solution File, Format Version 12.00
Project("{FAE04EC0-301F-11D3-BF4B-00C04F79EFBC}") = "MPKWrocław", "MPKWrocław.csproj", "{8D704B67-1C45-4A4B-9B3D-BD6948D3260A}"
EndProject
Global
	GlobalSection(SolutionConfigurationPlatforms) = preSolution
		Debug|Any CPU = Debug|Any CPU
		Release|Any CPU = Release|Any CPU
	EndGlobalSection
	GlobalSection(ProjectConfigurationPlatforms) = postSolution
		{8D704B67-1C45-4A4B-9B3D-BD6948D3260A}.Debug|Any CPU.ActiveCfg = Debug|Any CPU
		{8D704B67-1C45-4A4B-9B3D-BD6948D3260A}.Debug|Any CPU.Build.0 = Debug|Any CPU
		{8D704B67-1C45-4A4B-9B3D-BD6948D3260A}.Release|Any CPU.ActiveCfg = Release|Any CPU
		{8D704B67-1C45-4A4B-9B3D-BD6948D3260A}.Release|Any CPU.Build.0 = Release|Any CPU
	EndGlobalSection
EndGlobal
